// !$*UTF8*$!
{
	archiveVersion = 1;
	classes = {
	};
	objectVersion = 55;
	objects = {

/* Begin PBXBuildFile section */
		1FF404872809E6E000468F5C /* DemoApp.swift in Sources */ = {isa = PBXBuildFile; fileRef = 1FF404862809E6E000468F5C /* DemoApp.swift */; };
		1FF404892809E6E000468F5C /* ContentView.swift in Sources */ = {isa = PBXBuildFile; fileRef = 1FF404882809E6E000468F5C /* ContentView.swift */; };
		1FF4048B2809E6E100468F5C /* Assets.xcassets in Resources */ = {isa = PBXBuildFile; fileRef = 1FF4048A2809E6E100468F5C /* Assets.xcassets */; };
		1FF4048E2809E6E100468F5C /* Preview Assets.xcassets in Resources */ = {isa = PBXBuildFile; fileRef = 1FF4048D2809E6E100468F5C /* Preview Assets.xcassets */; };
		1FF404982809E6E100468F5C /* DemoTests.swift in Sources */ = {isa = PBXBuildFile; fileRef = 1FF404972809E6E100468F5C /* DemoTests.swift */; };
		1FF404A22809E6E100468F5C /* DemoUITests.swift in Sources */ = {isa = PBXBuildFile; fileRef = 1FF404A12809E6E100468F5C /* DemoUITests.swift */; };
		1FF404A42809E6E100468F5C /* DemoUITestsLaunchTests.swift in Sources */ = {isa = PBXBuildFile; fileRef = 1FF404A32809E6E100468F5C /* DemoUITestsLaunchTests.swift */; };
		1FF404B62809E76100468F5C /* PullModifier.swift in Sources */ = {isa = PBXBuildFile; fileRef = 1FF404B42809E76100468F5C /* PullModifier.swift */; };
		1FF404B72809E76100468F5C /* RefreshableScrollView.swift in Sources */ = {isa = PBXBuildFile; fileRef = 1FF404B52809E76100468F5C /* RefreshableScrollView.swift */; };
		1FF404B9280AAF0A00468F5C /* InteractionState.swift in Sources */ = {isa = PBXBuildFile; fileRef = 1FF404B8280AAF0A00468F5C /* InteractionState.swift */; };
/* End PBXBuildFile section */

/* Begin PBXContainerItemProxy section */
		1FF404942809E6E100468F5C /* PBXContainerItemProxy */ = {
			isa = PBXContainerItemProxy;
			containerPortal = 1FF4047B2809E6E000468F5C /* Project object */;
			proxyType = 1;
			remoteGlobalIDString = 1FF404822809E6E000468F5C;
			remoteInfo = Demo;
		};
		1FF4049E2809E6E100468F5C /* PBXContainerItemProxy */ = {
			isa = PBXContainerItemProxy;
			containerPortal = 1FF4047B2809E6E000468F5C /* Project object */;
			proxyType = 1;
			remoteGlobalIDString = 1FF404822809E6E000468F5C;
			remoteInfo = Demo;
		};
/* End PBXContainerItemProxy section */

/* Begin PBXFileReference section */
		1FF404832809E6E000468F5C /* Demo.app */ = {isa = PBXFileReference; explicitFileType = wrapper.application; includeInIndex = 0; path = Demo.app; sourceTree = BUILT_PRODUCTS_DIR; };
		1FF404862809E6E000468F5C /* DemoApp.swift */ = {isa = PBXFileReference; lastKnownFileType = sourcecode.swift; path = DemoApp.swift; sourceTree = "<group>"; };
		1FF404882809E6E000468F5C /* ContentView.swift */ = {isa = PBXFileReference; lastKnownFileType = sourcecode.swift; path = ContentView.swift; sourceTree = "<group>"; };
		1FF4048A2809E6E100468F5C /* Assets.xcassets */ = {isa = PBXFileReference; lastKnownFileType = folder.assetcatalog; path = Assets.xcassets; sourceTree = "<group>"; };
		1FF4048D2809E6E100468F5C /* Preview Assets.xcassets */ = {isa = PBXFileReference; lastKnownFileType = folder.assetcatalog; path = "Preview Assets.xcassets"; sourceTree = "<group>"; };
		1FF404932809E6E100468F5C /* DemoTests.xctest */ = {isa = PBXFileReference; explicitFileType = wrapper.cfbundle; includeInIndex = 0; path = DemoTests.xctest; sourceTree = BUILT_PRODUCTS_DIR; };
		1FF404972809E6E100468F5C /* DemoTests.swift */ = {isa = PBXFileReference; lastKnownFileType = sourcecode.swift; path = DemoTests.swift; sourceTree = "<group>"; };
		1FF4049D2809E6E100468F5C /* DemoUITests.xctest */ = {isa = PBXFileReference; explicitFileType = wrapper.cfbundle; includeInIndex = 0; path = DemoUITests.xctest; sourceTree = BUILT_PRODUCTS_DIR; };
		1FF404A12809E6E100468F5C /* DemoUITests.swift */ = {isa = PBXFileReference; lastKnownFileType = sourcecode.swift; path = DemoUITests.swift; sourceTree = "<group>"; };
		1FF404A32809E6E100468F5C /* DemoUITestsLaunchTests.swift */ = {isa = PBXFileReference; lastKnownFileType = sourcecode.swift; path = DemoUITestsLaunchTests.swift; sourceTree = "<group>"; };
		1FF404B42809E76100468F5C /* PullModifier.swift */ = {isa = PBXFileReference; fileEncoding = 4; lastKnownFileType = sourcecode.swift; path = PullModifier.swift; sourceTree = "<group>"; };
		1FF404B52809E76100468F5C /* RefreshableScrollView.swift */ = {isa = PBXFileReference; fileEncoding = 4; lastKnownFileType = sourcecode.swift; path = RefreshableScrollView.swift; sourceTree = "<group>"; };
		1FF404B8280AAF0A00468F5C /* InteractionState.swift */ = {isa = PBXFileReference; lastKnownFileType = sourcecode.swift; path = InteractionState.swift; sourceTree = "<group>"; };
/* End PBXFileReference section */

/* Begin PBXFrameworksBuildPhase section */
		1FF404802809E6E000468F5C /* Frameworks */ = {
			isa = PBXFrameworksBuildPhase;
			buildActionMask = 2147483647;
			files = (
			);
			runOnlyForDeploymentPostprocessing = 0;
		};
		1FF404902809E6E100468F5C /* Frameworks */ = {
			isa = PBXFrameworksBuildPhase;
			buildActionMask = 2147483647;
			files = (
			);
			runOnlyForDeploymentPostprocessing = 0;
		};
		1FF4049A2809E6E100468F5C /* Frameworks */ = {
			isa = PBXFrameworksBuildPhase;
			buildActionMask = 2147483647;
			files = (
			);
			runOnlyForDeploymentPostprocessing = 0;
		};
/* End PBXFrameworksBuildPhase section */

/* Begin PBXGroup section */
		1FF4047A2809E6E000468F5C = {
			isa = PBXGroup;
			children = (
				1FF404B22809E76100468F5C /* Sources */,
				1FF404852809E6E000468F5C /* Demo */,
				1FF404962809E6E100468F5C /* DemoTests */,
				1FF404A02809E6E100468F5C /* DemoUITests */,
				1FF404842809E6E000468F5C /* Products */,
			);
			sourceTree = "<group>";
		};
		1FF404842809E6E000468F5C /* Products */ = {
			isa = PBXGroup;
			children = (
				1FF404832809E6E000468F5C /* Demo.app */,
				1FF404932809E6E100468F5C /* DemoTests.xctest */,
				1FF4049D2809E6E100468F5C /* DemoUITests.xctest */,
			);
			name = Products;
			sourceTree = "<group>";
		};
		1FF404852809E6E000468F5C /* Demo */ = {
			isa = PBXGroup;
			children = (
				1FF404862809E6E000468F5C /* DemoApp.swift */,
				1FF404882809E6E000468F5C /* ContentView.swift */,
				1FF4048A2809E6E100468F5C /* Assets.xcassets */,
				1FF4048C2809E6E100468F5C /* Preview Content */,
			);
			path = Demo;
			sourceTree = "<group>";
		};
		1FF4048C2809E6E100468F5C /* Preview Content */ = {
			isa = PBXGroup;
			children = (
				1FF4048D2809E6E100468F5C /* Preview Assets.xcassets */,
			);
			path = "Preview Content";
			sourceTree = "<group>";
		};
		1FF404962809E6E100468F5C /* DemoTests */ = {
			isa = PBXGroup;
			children = (
				1FF404972809E6E100468F5C /* DemoTests.swift */,
			);
			path = DemoTests;
			sourceTree = "<group>";
		};
		1FF404A02809E6E100468F5C /* DemoUITests */ = {
			isa = PBXGroup;
			children = (
				1FF404A12809E6E100468F5C /* DemoUITests.swift */,
				1FF404A32809E6E100468F5C /* DemoUITestsLaunchTests.swift */,
			);
			path = DemoUITests;
			sourceTree = "<group>";
		};
		1FF404B22809E76100468F5C /* Sources */ = {
			isa = PBXGroup;
			children = (
				1FF404B32809E76100468F5C /* PullRefresh */,
			);
			name = Sources;
			path = ../../Sources;
			sourceTree = "<group>";
		};
		1FF404B32809E76100468F5C /* PullRefresh */ = {
			isa = PBXGroup;
			children = (
				1FF404B42809E76100468F5C /* PullModifier.swift */,
				1FF404B52809E76100468F5C /* RefreshableScrollView.swift */,
				1FF404B8280AAF0A00468F5C /* InteractionState.swift */,
			);
			path = PullRefresh;
			sourceTree = "<group>";
		};
/* End PBXGroup section */

/* Begin PBXNativeTarget section */
		1FF404822809E6E000468F5C /* Demo */ = {
			isa = PBXNativeTarget;
			buildConfigurationList = 1FF404A72809E6E100468F5C /* Build configuration list for PBXNativeTarget "Demo" */;
			buildPhases = (
				1FF4047F2809E6E000468F5C /* Sources */,
				1FF404802809E6E000468F5C /* Frameworks */,
				1FF404812809E6E000468F5C /* Resources */,
			);
			buildRules = (
			);
			dependencies = (
			);
			name = Demo;
			productName = Demo;
			productReference = 1FF404832809E6E000468F5C /* Demo.app */;
			productType = "com.apple.product-type.application";
		};
		1FF404922809E6E100468F5C /* DemoTests */ = {
			isa = PBXNativeTarget;
			buildConfigurationList = 1FF404AA2809E6E100468F5C /* Build configuration list for PBXNativeTarget "DemoTests" */;
			buildPhases = (
				1FF4048F2809E6E100468F5C /* Sources */,
				1FF404902809E6E100468F5C /* Frameworks */,
				1FF404912809E6E100468F5C /* Resources */,
			);
			buildRules = (
			);
			dependencies = (
				1FF404952809E6E100468F5C /* PBXTargetDependency */,
			);
			name = DemoTests;
			productName = DemoTests;
			productReference = 1FF404932809E6E100468F5C /* DemoTests.xctest */;
			productType = "com.apple.product-type.bundle.unit-test";
		};
		1FF4049C2809E6E100468F5C /* DemoUITests */ = {
			isa = PBXNativeTarget;
			buildConfigurationList = 1FF404AD2809E6E100468F5C /* Build configuration list for PBXNativeTarget "DemoUITests" */;
			buildPhases = (
				1FF404992809E6E100468F5C /* Sources */,
				1FF4049A2809E6E100468F5C /* Frameworks */,
				1FF4049B2809E6E100468F5C /* Resources */,
			);
			buildRules = (
			);
			dependencies = (
				1FF4049F2809E6E100468F5C /* PBXTargetDependency */,
			);
			name = DemoUITests;
			productName = DemoUITests;
			productReference = 1FF4049D2809E6E100468F5C /* DemoUITests.xctest */;
			productType = "com.apple.product-type.bundle.ui-testing";
		};
/* End PBXNativeTarget section */

/* Begin PBXProject section */
		1FF4047B2809E6E000468F5C /* Project object */ = {
			isa = PBXProject;
			attributes = {
				BuildIndependentTargetsInParallel = 1;
				LastSwiftUpdateCheck = 1330;
				LastUpgradeCheck = 1330;
				TargetAttributes = {
					1FF404822809E6E000468F5C = {
						CreatedOnToolsVersion = 13.3.1;
					};
					1FF404922809E6E100468F5C = {
						CreatedOnToolsVersion = 13.3.1;
						TestTargetID = 1FF404822809E6E000468F5C;
					};
					1FF4049C2809E6E100468F5C = {
						CreatedOnToolsVersion = 13.3.1;
						TestTargetID = 1FF404822809E6E000468F5C;
					};
				};
			};
			buildConfigurationList = 1FF4047E2809E6E000468F5C /* Build configuration list for PBXProject "Demo" */;
			compatibilityVersion = "Xcode 13.0";
			developmentRegion = en;
			hasScannedForEncodings = 0;
			knownRegions = (
				en,
				Base,
			);
			mainGroup = 1FF4047A2809E6E000468F5C;
			productRefGroup = 1FF404842809E6E000468F5C /* Products */;
			projectDirPath = "";
			projectRoot = "";
			targets = (
				1FF404822809E6E000468F5C /* Demo */,
				1FF404922809E6E100468F5C /* DemoTests */,
				1FF4049C2809E6E100468F5C /* DemoUITests */,
			);
		};
/* End PBXProject section */

/* Begin PBXResourcesBuildPhase section */
		1FF404812809E6E000468F5C /* Resources */ = {
			isa = PBXResourcesBuildPhase;
			buildActionMask = 2147483647;
			files = (
				1FF4048E2809E6E100468F5C /* Preview Assets.xcassets in Resources */,
				1FF4048B2809E6E100468F5C /* Assets.xcassets in Resources */,
			);
			runOnlyForDeploymentPostprocessing = 0;
		};
		1FF404912809E6E100468F5C /* Resources */ = {
			isa = PBXResourcesBuildPhase;
			buildActionMask = 2147483647;
			files = (
			);
			runOnlyForDeploymentPostprocessing = 0;
		};
		1FF4049B2809E6E100468F5C /* Resources */ = {
			isa = PBXResourcesBuildPhase;
			buildActionMask = 2147483647;
			files = (
			);
			runOnlyForDeploymentPostprocessing = 0;
		};
/* End PBXResourcesBuildPhase section */

/* Begin PBXSourcesBuildPhase section */
		1FF4047F2809E6E000468F5C /* Sources */ = {
			isa = PBXSourcesBuildPhase;
			buildActionMask = 2147483647;
			files = (
				1FF404892809E6E000468F5C /* ContentView.swift in Sources */,
				1FF404872809E6E000468F5C /* DemoApp.swift in Sources */,
				1FF404B62809E76100468F5C /* PullModifier.swift in Sources */,
				1FF404B9280AAF0A00468F5C /* InteractionState.swift in Sources */,
				1FF404B72809E76100468F5C /* RefreshableScrollView.swift in Sources */,
			);
			runOnlyForDeploymentPostprocessing = 0;
		};
		1FF4048F2809E6E100468F5C /* Sources */ = {
			isa = PBXSourcesBuildPhase;
			buildActionMask = 2147483647;
			files = (
				1FF404982809E6E100468F5C /* DemoTests.swift in Sources */,
			);
			runOnlyForDeploymentPostprocessing = 0;
		};
		1FF404992809E6E100468F5C /* Sources */ = {
			isa = PBXSourcesBuildPhase;
			buildActionMask = 2147483647;
			files = (
				1FF404A22809E6E100468F5C /* DemoUITests.swift in Sources */,
				1FF404A42809E6E100468F5C /* DemoUITestsLaunchTests.swift in Sources */,
			);
			runOnlyForDeploymentPostprocessing = 0;
		};
/* End PBXSourcesBuildPhase section */

/* Begin PBXTargetDependency section */
		1FF404952809E6E100468F5C /* PBXTargetDependency */ = {
			isa = PBXTargetDependency;
			target = 1FF404822809E6E000468F5C /* Demo */;
			targetProxy = 1FF404942809E6E100468F5C /* PBXContainerItemProxy */;
		};
		1FF4049F2809E6E100468F5C /* PBXTargetDependency */ = {
			isa = PBXTargetDependency;
			target = 1FF404822809E6E000468F5C /* Demo */;
			targetProxy = 1FF4049E2809E6E100468F5C /* PBXContainerItemProxy */;
		};
/* End PBXTargetDependency section */

/* Begin XCBuildConfiguration section */
		1FF404A52809E6E100468F5C /* Debug */ = {
			isa = XCBuildConfiguration;
			buildSettings = {
				ALWAYS_SEARCH_USER_PATHS = NO;
				CLANG_ANALYZER_NONNULL = YES;
				CLANG_ANALYZER_NUMBER_OBJECT_CONVERSION = YES_AGGRESSIVE;
				CLANG_CXX_LANGUAGE_STANDARD = "gnu++17";
				CLANG_ENABLE_MODULES = YES;
				CLANG_ENABLE_OBJC_ARC = YES;
				CLANG_ENABLE_OBJC_WEAK = YES;
				CLANG_WARN_BLOCK_CAPTURE_AUTORELEASING = YES;
				CLANG_WARN_BOOL_CONVERSION = YES;
				CLANG_WARN_COMMA = YES;
				CLANG_WARN_CONSTANT_CONVERSION = YES;
				CLANG_WARN_DEPRECATED_OBJC_IMPLEMENTATIONS = YES;
				CLANG_WARN_DIRECT_OBJC_ISA_USAGE = YES_ERROR;
				CLANG_WARN_DOCUMENTATION_COMMENTS = YES;
				CLANG_WARN_EMPTY_BODY = YES;
				CLANG_WARN_ENUM_CONVERSION = YES;
				CLANG_WARN_INFINITE_RECURSION = YES;
				CLANG_WARN_INT_CONVERSION = YES;
				CLANG_WARN_NON_LITERAL_NULL_CONVERSION = YES;
				CLANG_WARN_OBJC_IMPLICIT_RETAIN_SELF = YES;
				CLANG_WARN_OBJC_LITERAL_CONVERSION = YES;
				CLANG_WARN_OBJC_ROOT_CLASS = YES_ERROR;
				CLANG_WARN_QUOTED_INCLUDE_IN_FRAMEWORK_HEADER = YES;
				CLANG_WARN_RANGE_LOOP_ANALYSIS = YES;
				CLANG_WARN_STRICT_PROTOTYPES = YES;
				CLANG_WARN_SUSPICIOUS_MOVE = YES;
				CLANG_WARN_UNGUARDED_AVAILABILITY = YES_AGGRESSIVE;
				CLANG_WARN_UNREACHABLE_CODE = YES;
				CLANG_WARN__DUPLICATE_METHOD_MATCH = YES;
				COPY_PHASE_STRIP = NO;
				DEBUG_INFORMATION_FORMAT = dwarf;
				ENABLE_STRICT_OBJC_MSGSEND = YES;
				ENABLE_TESTABILITY = YES;
				GCC_C_LANGUAGE_STANDARD = gnu11;
				GCC_DYNAMIC_NO_PIC = NO;
				GCC_NO_COMMON_BLOCKS = YES;
				GCC_OPTIMIZATION_LEVEL = 0;
				GCC_PREPROCESSOR_DEFINITIONS = (
					"DEBUG=1",
					"$(inherited)",
				);
				GCC_WARN_64_TO_32_BIT_CONVERSION = YES;
				GCC_WARN_ABOUT_RETURN_TYPE = YES_ERROR;
				GCC_WARN_UNDECLARED_SELECTOR = YES;
				GCC_WARN_UNINITIALIZED_AUTOS = YES_AGGRESSIVE;
				GCC_WARN_UNUSED_FUNCTION = YES;
				GCC_WARN_UNUSED_VARIABLE = YES;
				IPHONEOS_DEPLOYMENT_TARGET = 15.4;
				MTL_ENABLE_DEBUG_INFO = INCLUDE_SOURCE;
				MTL_FAST_MATH = YES;
				ONLY_ACTIVE_ARCH = YES;
				SDKROOT = iphoneos;
				SWIFT_ACTIVE_COMPILATION_CONDITIONS = DEBUG;
				SWIFT_OPTIMIZATION_LEVEL = "-Onone";
			};
			name = Debug;
		};
		1FF404A62809E6E100468F5C /* Release */ = {
			isa = XCBuildConfiguration;
			buildSettings = {
				ALWAYS_SEARCH_USER_PATHS = NO;
				CLANG_ANALYZER_NONNULL = YES;
				CLANG_ANALYZER_NUMBER_OBJECT_CONVERSION = YES_AGGRESSIVE;
				CLANG_CXX_LANGUAGE_STANDARD = "gnu++17";
				CLANG_ENABLE_MODULES = YES;
				CLANG_ENABLE_OBJC_ARC = YES;
				CLANG_ENABLE_OBJC_WEAK = YES;
				CLANG_WARN_BLOCK_CAPTURE_AUTORELEASING = YES;
				CLANG_WARN_BOOL_CONVERSION = YES;
				CLANG_WARN_COMMA = YES;
				CLANG_WARN_CONSTANT_CONVERSION = YES;
				CLANG_WARN_DEPRECATED_OBJC_IMPLEMENTATIONS = YES;
				CLANG_WARN_DIRECT_OBJC_ISA_USAGE = YES_ERROR;
				CLANG_WARN_DOCUMENTATION_COMMENTS = YES;
				CLANG_WARN_EMPTY_BODY = YES;
				CLANG_WARN_ENUM_CONVERSION = YES;
				CLANG_WARN_INFINITE_RECURSION = YES;
				CLANG_WARN_INT_CONVERSION = YES;
				CLANG_WARN_NON_LITERAL_NULL_CONVERSION = YES;
				CLANG_WARN_OBJC_IMPLICIT_RETAIN_SELF = YES;
				CLANG_WARN_OBJC_LITERAL_CONVERSION = YES;
				CLANG_WARN_OBJC_ROOT_CLASS = YES_ERROR;
				CLANG_WARN_QUOTED_INCLUDE_IN_FRAMEWORK_HEADER = YES;
				CLANG_WARN_RANGE_LOOP_ANALYSIS = YES;
				CLANG_WARN_STRICT_PROTOTYPES = YES;
				CLANG_WARN_SUSPICIOUS_MOVE = YES;
				CLANG_WARN_UNGUARDED_AVAILABILITY = YES_AGGRESSIVE;
				CLANG_WARN_UNREACHABLE_CODE = YES;
				CLANG_WARN__DUPLICATE_METHOD_MATCH = YES;
				COPY_PHASE_STRIP = NO;
				DEBUG_INFORMATION_FORMAT = "dwarf-with-dsym";
				ENABLE_NS_ASSERTIONS = NO;
				ENABLE_STRICT_OBJC_MSGSEND = YES;
				GCC_C_LANGUAGE_STANDARD = gnu11;
				GCC_NO_COMMON_BLOCKS = YES;
				GCC_WARN_64_TO_32_BIT_CONVERSION = YES;
				GCC_WARN_ABOUT_RETURN_TYPE = YES_ERROR;
				GCC_WARN_UNDECLARED_SELECTOR = YES;
				GCC_WARN_UNINITIALIZED_AUTOS = YES_AGGRESSIVE;
				GCC_WARN_UNUSED_FUNCTION = YES;
				GCC_WARN_UNUSED_VARIABLE = YES;
				IPHONEOS_DEPLOYMENT_TARGET = 15.4;
				MTL_ENABLE_DEBUG_INFO = NO;
				MTL_FAST_MATH = YES;
				SDKROOT = iphoneos;
				SWIFT_COMPILATION_MODE = wholemodule;
				SWIFT_OPTIMIZATION_LEVEL = "-O";
				VALIDATE_PRODUCT = YES;
			};
			name = Release;
		};
		1FF404A82809E6E100468F5C /* Debug */ = {
			isa = XCBuildConfiguration;
			buildSettings = {
				ASSETCATALOG_COMPILER_APPICON_NAME = AppIcon;
				ASSETCATALOG_COMPILER_GLOBAL_ACCENT_COLOR_NAME = AccentColor;
				CODE_SIGN_STYLE = Automatic;
				CURRENT_PROJECT_VERSION = 1;
				DEVELOPMENT_ASSET_PATHS = "\"Demo/Preview Content\"";
				DEVELOPMENT_TEAM = 67HX9HNHC7;
				ENABLE_PREVIEWS = YES;
				GENERATE_INFOPLIST_FILE = YES;
				INFOPLIST_KEY_UIApplicationSceneManifest_Generation = YES;
				INFOPLIST_KEY_UIApplicationSupportsIndirectInputEvents = YES;
				INFOPLIST_KEY_UILaunchScreen_Generation = YES;
				INFOPLIST_KEY_UISupportedInterfaceOrientations_iPad = "UIInterfaceOrientationPortrait UIInterfaceOrientationPortraitUpsideDown UIInterfaceOrientationLandscapeLeft UIInterfaceOrientationLandscapeRight";
				INFOPLIST_KEY_UISupportedInterfaceOrientations_iPhone = "UIInterfaceOrientationPortrait UIInterfaceOrientationLandscapeLeft UIInterfaceOrientationLandscapeRight";
				LD_RUNPATH_SEARCH_PATHS = (
					"$(inherited)",
					"@executable_path/Frameworks",
				);
				MARKETING_VERSION = 1.0;
				PRODUCT_BUNDLE_IDENTIFIER = com.foxsin10.Demo;
				PRODUCT_NAME = "$(TARGET_NAME)";
				SWIFT_EMIT_LOC_STRINGS = YES;
				SWIFT_VERSION = 5.0;
				TARGETED_DEVICE_FAMILY = "1,2";
			};
			name = Debug;
		};
		1FF404A92809E6E100468F5C /* Release */ = {
			isa = XCBuildConfiguration;
			buildSettings = {
				ASSETCATALOG_COMPILER_APPICON_NAME = AppIcon;
				ASSETCATALOG_COMPILER_GLOBAL_ACCENT_COLOR_NAME = AccentColor;
				CODE_SIGN_STYLE = Automatic;
				CURRENT_PROJECT_VERSION = 1;
				DEVELOPMENT_ASSET_PATHS = "\"Demo/Preview Content\"";
				DEVELOPMENT_TEAM = 67HX9HNHC7;
				ENABLE_PREVIEWS = YES;
				GENERATE_INFOPLIST_FILE = YES;
				INFOPLIST_KEY_UIApplicationSceneManifest_Generation = YES;
				INFOPLIST_KEY_UIApplicationSupportsIndirectInputEvents = YES;
				INFOPLIST_KEY_UILaunchScreen_Generation = YES;
				INFOPLIST_KEY_UISupportedInterfaceOrientations_iPad = "UIInterfaceOrientationPortrait UIInterfaceOrientationPortraitUpsideDown UIInterfaceOrientationLandscapeLeft UIInterfaceOrientationLandscapeRight";
				INFOPLIST_KEY_UISupportedInterfaceOrientations_iPhone = "UIInterfaceOrientationPortrait UIInterfaceOrientationLandscapeLeft UIInterfaceOrientationLandscapeRight";
				LD_RUNPATH_SEARCH_PATHS = (
					"$(inherited)",
					"@executable_path/Frameworks",
				);
				MARKETING_VERSION = 1.0;
				PRODUCT_BUNDLE_IDENTIFIER = com.foxsin10.Demo;
				PRODUCT_NAME = "$(TARGET_NAME)";
				SWIFT_EMIT_LOC_STRINGS = YES;
				SWIFT_VERSION = 5.0;
				TARGETED_DEVICE_FAMILY = "1,2";
			};
			name = Release;
		};
		1FF404AB2809E6E100468F5C /* Debug */ = {
			isa = XCBuildConfiguration;
			buildSettings = {
				ALWAYS_EMBED_SWIFT_STANDARD_LIBRARIES = YES;
				BUNDLE_LOADER = "$(TEST_HOST)";
				CODE_SIGN_STYLE = Automatic;
				CURRENT_PROJECT_VERSION = 1;
				DEVELOPMENT_TEAM = 67HX9HNHC7;
				GENERATE_INFOPLIST_FILE = YES;
				IPHONEOS_DEPLOYMENT_TARGET = 15.4;
				MARKETING_VERSION = 1.0;
				PRODUCT_BUNDLE_IDENTIFIER = com.foxsin10.DemoTests;
				PRODUCT_NAME = "$(TARGET_NAME)";
				SWIFT_EMIT_LOC_STRINGS = NO;
				SWIFT_VERSION = 5.0;
				TARGETED_DEVICE_FAMILY = "1,2";
				TEST_HOST = "$(BUILT_PRODUCTS_DIR)/Demo.app/Demo";
			};
			name = Debug;
		};
		1FF404AC2809E6E100468F5C /* Release */ = {
			isa = XCBuildConfiguration;
			buildSettings = {
				ALWAYS_EMBED_SWIFT_STANDARD_LIBRARIES = YES;
				BUNDLE_LOADER = "$(TEST_HOST)";
				CODE_SIGN_STYLE = Automatic;
				CURRENT_PROJECT_VERSION = 1;
				DEVELOPMENT_TEAM = 67HX9HNHC7;
				GENERATE_INFOPLIST_FILE = YES;
				IPHONEOS_DEPLOYMENT_TARGET = 15.4;
				MARKETING_VERSION = 1.0;
				PRODUCT_BUNDLE_IDENTIFIER = com.foxsin10.DemoTests;
				PRODUCT_NAME = "$(TARGET_NAME)";
				SWIFT_EMIT_LOC_STRINGS = NO;
				SWIFT_VERSION = 5.0;
				TARGETED_DEVICE_FAMILY = "1,2";
				TEST_HOST = "$(BUILT_PRODUCTS_DIR)/Demo.app/Demo";
			};
			name = Release;
		};
		1FF404AE2809E6E100468F5C /* Debug */ = {
			isa = XCBuildConfiguration;
			buildSettings = {
				ALWAYS_EMBED_SWIFT_STANDARD_LIBRARIES = YES;
				CODE_SIGN_STYLE = Automatic;
				CURRENT_PROJECT_VERSION = 1;
				DEVELOPMENT_TEAM = 67HX9HNHC7;
				GENERATE_INFOPLIST_FILE = YES;
				MARKETING_VERSION = 1.0;
				PRODUCT_BUNDLE_IDENTIFIER = com.foxsin10.DemoUITests;
				PRODUCT_NAME = "$(TARGET_NAME)";
				SWIFT_EMIT_LOC_STRINGS = NO;
				SWIFT_VERSION = 5.0;
				TARGETED_DEVICE_FAMILY = "1,2";
				TEST_TARGET_NAME = Demo;
			};
			name = Debug;
		};
		1FF404AF2809E6E100468F5C /* Release */ = {
			isa = XCBuildConfiguration;
			buildSettings = {
				ALWAYS_EMBED_SWIFT_STANDARD_LIBRARIES = YES;
				CODE_SIGN_STYLE = Automatic;
				CURRENT_PROJECT_VERSION = 1;
				DEVELOPMENT_TEAM = 67HX9HNHC7;
				GENERATE_INFOPLIST_FILE = YES;
				MARKETING_VERSION = 1.0;
				PRODUCT_BUNDLE_IDENTIFIER = com.foxsin10.DemoUITests;
				PRODUCT_NAME = "$(TARGET_NAME)";
				SWIFT_EMIT_LOC_STRINGS = NO;
				SWIFT_VERSION = 5.0;
				TARGETED_DEVICE_FAMILY = "1,2";
				TEST_TARGET_NAME = Demo;
			};
			name = Release;
		};
/* End XCBuildConfiguration section */

/* Begin XCConfigurationList section */
		1FF4047E2809E6E000468F5C /* Build configuration list for PBXProject "Demo" */ = {
			isa = XCConfigurationList;
			buildConfigurations = (
				1FF404A52809E6E100468F5C /* Debug */,
				1FF404A62809E6E100468F5C /* Release */,
			);
			defaultConfigurationIsVisible = 0;
			defaultConfigurationName = Release;
		};
		1FF404A72809E6E100468F5C /* Build configuration list for PBXNativeTarget "Demo" */ = {
			isa = XCConfigurationList;
			buildConfigurations = (
				1FF404A82809E6E100468F5C /* Debug */,
				1FF404A92809E6E100468F5C /* Release */,
			);
			defaultConfigurationIsVisible = 0;
			defaultConfigurationName = Release;
		};
		1FF404AA2809E6E100468F5C /* Build configuration list for PBXNativeTarget "DemoTests" */ = {
			isa = XCConfigurationList;
			buildConfigurations = (
				1FF404AB2809E6E100468F5C /* Debug */,
				1FF404AC2809E6E100468F5C /* Release */,
			);
			defaultConfigurationIsVisible = 0;
			defaultConfigurationName = Release;
		};
		1FF404AD2809E6E100468F5C /* Build configuration list for PBXNativeTarget "DemoUITests" */ = {
			isa = XCConfigurationList;
			buildConfigurations = (
				1FF404AE2809E6E100468F5C /* Debug */,
				1FF404AF2809E6E100468F5C /* Release */,
			);
			defaultConfigurationIsVisible = 0;
			defaultConfigurationName = Release;
		};
/* End XCConfigurationList section */
	};
	rootObject = 1FF4047B2809E6E000468F5C /* Project object */;
}
